# This file is automatically @generated by Poetry 1.8.4 and should not be changed by hand.

[[package]]
name = "mnemonic"
version = "0.21"
description = "Implementation of Bitcoin BIP-0039"
optional = false
python-versions = ">=3.8.1"
files = [
    {file = "mnemonic-0.21-py3-none-any.whl", hash = "sha256:72dc9de16ec5ef47287237b9b6943da11647a03fe7cf1f139fc3d7c4a7439288"},
    {file = "mnemonic-0.21.tar.gz", hash = "sha256:1fe496356820984f45559b1540c80ff10de448368929b9c60a2b55744cc88acf"},
]

[metadata]
lock-version = "2.0"
python-versions = "^3.11"
content-hash = "8b78030441f67c7e53e78503d3f71f51af0d8de5d6f5bd6b462ef69b1fb2fb13"
